
Microsoft Visual Studio Solution File, Format Version 12.00
# Visual Studio Version 16
VisualStudioVersion = 16.0.32901.82
MinimumVisualStudioVersion = 10.0.40219.1
Project("{9A19103F-16F7-4668-BE54-9A1E7A4F7556}") = "GBJ0CK_HFT_2021222.Client", "GBJ0CK_HFT_2021222.Client\GBJ0CK_HFT_2021222.Client.csproj", "{AB1083A9-4C26-4BEE-9F7D-7896ED3CC08F}"
EndProject
Project("{9A19103F-16F7-4668-BE54-9A1E7A4F7556}") = "GBJ0CK_HFT_2021222.Models", "GBJ0CK_HFT_2021222.Models\GBJ0CK_HFT_2021222.Models.csproj", "{7EE766AF-0AB8-4731-8739-DA6FF5C25B22}"
EndProject
Project("{9A19103F-16F7-4668-BE54-9A1E7A4F7556}") = "GBJ0CK_HFT_2021222.Logic", "GBJ0CK_HFT_2021222.Logic\GBJ0CK_HFT_2021222.Logic.csproj", "{7A16A02C-4B55-433C-B9C2-07AABF4CAD54}"
EndProject
Project("{9A19103F-16F7-4668-BE54-9A1E7A4F7556}") = "GBJ0CK_HFT_2021222.Repository", "GBJ0CK_HFT_2021222.Repository\GBJ0CK_HFT_2021222.Repository.csproj", "{B4E63E69-853F-4C78-AEAB-E1EE27ECF123}"
EndProject
Project("{9A19103F-16F7-4668-BE54-9A1E7A4F7556}") = "GBJ0CK_HFT_2021222.Test", "GBJ0CK_HFT_2021222.Test\GBJ0CK_HFT_2021222.Test.csproj", "{68087656-768B-40FA-865C-BADC16E5522F}"
EndProject
Project("{2150E333-8FDC-42A3-9474-1A3956D46DE8}") = "Backend", "Backend", "{42C6923D-8EED-4025-8D37-C0F0F9466247}"
EndProject
Project("{2150E333-8FDC-42A3-9474-1A3956D46DE8}") = "Frontend", "Frontend", "{7A79A225-0BCB-4230-A2C0-4F29293D300B}"
EndProject
Project("{2150E333-8FDC-42A3-9474-1A3956D46DE8}") = "Shared", "Shared", "{7BBB1C1D-7D65-4A69-846F-B987183B65F5}"
EndProject
Project("{2150E333-8FDC-42A3-9474-1A3956D46DE8}") = "Others", "Others", "{F66F88B1-50A1-4D46-84CB-033D494B9438}"
	ProjectSection(SolutionItems) = preProject
		.gitignore = .gitignore
	EndProjectSection
EndProject
Project("{9A19103F-16F7-4668-BE54-9A1E7A4F7556}") = "GBJ0CK_HFT_2021222.Endpoint", "GBJ0CK_HFT_2021222.Endpoint\GBJ0CK_HFT_2021222.Endpoint.csproj", "{95EE00A1-860A-4B00-895C-D47188B4CB2E}"
EndProject
Project("{9A19103F-16F7-4668-BE54-9A1E7A4F7556}") = "GBJ0CK_HFT_2022232.WPFClient", "GBJ0CK_HFT_2022232.WPFClient\GBJ0CK_HFT_2022232.WPFClient.csproj", "{3B22DF92-4C95-4FEE-B489-9A2387F9F2E2}"
EndProject
Project("{FAE04EC0-301F-11D3-BF4B-00C04F79EFBC}") = "GBJ0CK_HFT_2022232.JSClient", "GBJ0CK_HFT_2022232.JSClient\GBJ0CK_HFT_2022232.JSClient.csproj", "{477C329F-2C4A-42CF-B8BC-9EC78862C1CD}"
EndProject
Global
	GlobalSection(SolutionConfigurationPlatforms) = preSolution
		Debug|Any CPU = Debug|Any CPU
		Release|Any CPU = Release|Any CPU
	EndGlobalSection
	GlobalSection(ProjectConfigurationPlatforms) = postSolution
		{AB1083A9-4C26-4BEE-9F7D-7896ED3CC08F}.Debug|Any CPU.ActiveCfg = Debug|Any CPU
		{AB1083A9-4C26-4BEE-9F7D-7896ED3CC08F}.Debug|Any CPU.Build.0 = Debug|Any CPU
		{AB1083A9-4C26-4BEE-9F7D-7896ED3CC08F}.Release|Any CPU.ActiveCfg = Release|Any CPU
		{AB1083A9-4C26-4BEE-9F7D-7896ED3CC08F}.Release|Any CPU.Build.0 = Release|Any CPU
		{7EE766AF-0AB8-4731-8739-DA6FF5C25B22}.Debug|Any CPU.ActiveCfg = Debug|Any CPU
		{7EE766AF-0AB8-4731-8739-DA6FF5C25B22}.Debug|Any CPU.Build.0 = Debug|Any CPU
		{7EE766AF-0AB8-4731-8739-DA6FF5C25B22}.Release|Any CPU.ActiveCfg = Release|Any CPU
		{7EE766AF-0AB8-4731-8739-DA6FF5C25B22}.Release|Any CPU.Build.0 = Release|Any CPU
		{7A16A02C-4B55-433C-B9C2-07AABF4CAD54}.Debug|Any CPU.ActiveCfg = Debug|Any CPU
		{7A16A02C-4B55-433C-B9C2-07AABF4CAD54}.Debug|Any CPU.Build.0 = Debug|Any CPU
		{7A16A02C-4B55-433C-B9C2-07AABF4CAD54}.Release|Any CPU.ActiveCfg = Release|Any CPU
		{7A16A02C-4B55-433C-B9C2-07AABF4CAD54}.Release|Any CPU.Build.0 = Release|Any CPU
		{B4E63E69-853F-4C78-AEAB-E1EE27ECF123}.Debug|Any CPU.ActiveCfg = Debug|Any CPU
		{B4E63E69-853F-4C78-AEAB-E1EE27ECF123}.Debug|Any CPU.Build.0 = Debug|Any CPU
		{B4E63E69-853F-4C78-AEAB-E1EE27ECF123}.Release|Any CPU.ActiveCfg = Release|Any CPU
		{B4E63E69-853F-4C78-AEAB-E1EE27ECF123}.Release|Any CPU.Build.0 = Release|Any CPU
		{68087656-768B-40FA-865C-BADC16E5522F}.Debug|Any CPU.ActiveCfg = Debug|Any CPU
		{68087656-768B-40FA-865C-BADC16E5522F}.Debug|Any CPU.Build.0 = Debug|Any CPU
		{68087656-768B-40FA-865C-BADC16E5522F}.Release|Any CPU.ActiveCfg = Release|Any CPU
		{68087656-768B-40FA-865C-BADC16E5522F}.Release|Any CPU.Build.0 = Release|Any CPU
		{95EE00A1-860A-4B00-895C-D47188B4CB2E}.Debug|Any CPU.ActiveCfg = Debug|Any CPU
		{95EE00A1-860A-4B00-895C-D47188B4CB2E}.Debug|Any CPU.Build.0 = Debug|Any CPU
		{95EE00A1-860A-4B00-895C-D47188B4CB2E}.Release|Any CPU.ActiveCfg = Release|Any CPU
		{95EE00A1-860A-4B00-895C-D47188B4CB2E}.Release|Any CPU.Build.0 = Release|Any CPU
		{3B22DF92-4C95-4FEE-B489-9A2387F9F2E2}.Debug|Any CPU.ActiveCfg = Debug|Any CPU
		{3B22DF92-4C95-4FEE-B489-9A2387F9F2E2}.Debug|Any CPU.Build.0 = Debug|Any CPU
		{3B22DF92-4C95-4FEE-B489-9A2387F9F2E2}.Release|Any CPU.ActiveCfg = Release|Any CPU
		{3B22DF92-4C95-4FEE-B489-9A2387F9F2E2}.Release|Any CPU.Build.0 = Release|Any CPU
		{477C329F-2C4A-42CF-B8BC-9EC78862C1CD}.Debug|Any CPU.ActiveCfg = Debug|Any CPU
		{477C329F-2C4A-42CF-B8BC-9EC78862C1CD}.Debug|Any CPU.Build.0 = Debug|Any CPU
		{477C329F-2C4A-42CF-B8BC-9EC78862C1CD}.Release|Any CPU.ActiveCfg = Release|Any CPU
		{477C329F-2C4A-42CF-B8BC-9EC78862C1CD}.Release|Any CPU.Build.0 = Release|Any CPU
	EndGlobalSection
	GlobalSection(SolutionProperties) = preSolution
		HideSolutionNode = FALSE
	EndGlobalSection
	GlobalSection(NestedProjects) = preSolution
		{AB1083A9-4C26-4BEE-9F7D-7896ED3CC08F} = {7A79A225-0BCB-4230-A2C0-4F29293D300B}
		{7EE766AF-0AB8-4731-8739-DA6FF5C25B22} = {7BBB1C1D-7D65-4A69-846F-B987183B65F5}
		{7A16A02C-4B55-433C-B9C2-07AABF4CAD54} = {42C6923D-8EED-4025-8D37-C0F0F9466247}
		{B4E63E69-853F-4C78-AEAB-E1EE27ECF123} = {42C6923D-8EED-4025-8D37-C0F0F9466247}
		{68087656-768B-40FA-865C-BADC16E5522F} = {42C6923D-8EED-4025-8D37-C0F0F9466247}
		{95EE00A1-860A-4B00-895C-D47188B4CB2E} = {42C6923D-8EED-4025-8D37-C0F0F9466247}
		{3B22DF92-4C95-4FEE-B489-9A2387F9F2E2} = {7A79A225-0BCB-4230-A2C0-4F29293D300B}
		{477C329F-2C4A-42CF-B8BC-9EC78862C1CD} = {7A79A225-0BCB-4230-A2C0-4F29293D300B}
	EndGlobalSection
	GlobalSection(ExtensibilityGlobals) = postSolution
		SolutionGuid = {5BE9439D-5163-4068-B4E0-595295E72493}
	EndGlobalSection
EndGlobal
